
Microsoft Visual Studio Solution File, Format Version 12.00
# Visual Studio 15
VisualStudioVersion = 15.0.27428.2011
MinimumVisualStudioVersion = 10.0.40219.1
Project("{2150E333-8FDC-42A3-9474-1A3956D46DE8}") = "identtyserver4", "identtyserver4", "{2687B704-7059-451C-A008-BEFC62040D97}"
EndProject
Project("{9A19103F-16F7-4668-BE54-9A1E7A4F7556}") = "AuthorizationServer", "IdentityServer4\AuthorizationServer\AuthorizationServer.csproj", "{9914F3B2-AB6E-45D3-B7F6-16CC84F7157E}"
EndProject
Project("{9A19103F-16F7-4668-BE54-9A1E7A4F7556}") = "WebApi", "IdentityServer4\WebApi\WebApi\WebApi.csproj", "{FD404D3B-F2D8-46A0-9CEE-6D1C0E9A7140}"
EndProject
Project("{9A19103F-16F7-4668-BE54-9A1E7A4F7556}") = "MvcClient", "IdentityServer4\MvcClient\MvcClient\MvcClient.csproj", "{47BBC0FB-9E9B-4D31-B278-FF9D52842928}"
EndProject
Project("{9A19103F-16F7-4668-BE54-9A1E7A4F7556}") = "JavaScriptClient", "IdentityServer4\JavaScriptClient\JavaScriptClient.csproj", "{D08D60F1-AD73-4A99-99E9-37C3AEDF5F21}"
EndProject
Project("{FAE04EC0-301F-11D3-BF4B-00C04F79EFBC}") = "WcfService", "IdentityServer4\Wcf.Service\WcfService.csproj", "{55111797-B286-4DF7-84BC-53C182463D5C}"
EndProject
Project("{2150E333-8FDC-42A3-9474-1A3956D46DE8}") = "EventbusBlocks", "EventbusBlocks", "{B75559B2-A23B-4D6F-9332-1B546DAC72EF}"
EndProject
Project("{9A19103F-16F7-4668-BE54-9A1E7A4F7556}") = "EventBus", "EventbusBlocks\EventBus\EventBus.csproj", "{9855E656-C962-453E-B9EE-E11A044E1763}"
EndProject
Project("{9A19103F-16F7-4668-BE54-9A1E7A4F7556}") = "EventBusRabbitMQ", "EventbusBlocks\EventBusRabbitMQ\EventBusRabbitMQ.csproj", "{350F81CE-86C0-4108-9CBF-470A680F4618}"
EndProject
Project("{9A19103F-16F7-4668-BE54-9A1E7A4F7556}") = "EventBusSubscribTest", "EventbusBlocks\EventBusSubscribTest\EventBusSubscribTest.csproj", "{1D4B2EF0-AF20-4D38-B1B6-56B0C39DA71F}"
EndProject
Project("{9A19103F-16F7-4668-BE54-9A1E7A4F7556}") = "EventBusPublishTest", "EventbusBlocks\EventBusPublishTest\EventBusPublishTest.csproj", "{93E290B8-62B6-423A-9761-69153298711A}"
EndProject
Project("{2150E333-8FDC-42A3-9474-1A3956D46DE8}") = "Mediator", "Mediator", "{1A6BEFE5-88F6-4E53-A389-B67B3B48D942}"
EndProject
Project("{9A19103F-16F7-4668-BE54-9A1E7A4F7556}") = "MediatorConsole", "Mediator\MediatorConsole\MediatorConsole.csproj", "{74B6BFEE-8F43-4A19-8113-DA1A5D2F52E7}"
EndProject
Project("{2150E333-8FDC-42A3-9474-1A3956D46DE8}") = "MassTransit", "MassTransit", "{F9A73285-D237-4D85-8FC8-A6550301ADD1}"
EndProject
Project("{9A19103F-16F7-4668-BE54-9A1E7A4F7556}") = "QuickStart", "MassTransit\QuickStart\QuickStart.csproj", "{2AEA90C3-5580-4B86-B429-C7605EC59D01}"
EndProject
Project("{9A19103F-16F7-4668-BE54-9A1E7A4F7556}") = "QuickStart2", "MassTransit\QuickStart2\QuickStart2.csproj", "{E449462B-5576-4B4A-B167-E8FA2F9D6CFA}"
EndProject
Project("{9A19103F-16F7-4668-BE54-9A1E7A4F7556}") = "IntegrationEvent", "MassTransit\IntegrationEvent\IntegrationEvent.csproj", "{E91A3911-00E0-48FC-B27E-F1161D8ABA8F}"
EndProject
Project("{2150E333-8FDC-42A3-9474-1A3956D46DE8}") = "NServiceBus", "NServiceBus", "{BF20111B-7A00-4DC1-AEE6-5138BB7004D4}"
EndProject
Project("{9A19103F-16F7-4668-BE54-9A1E7A4F7556}") = "NServiceBus_Sender", "NServiceBus\NServiceBus_Sender\NServiceBus_Sender.csproj", "{0B04C4BC-2489-46A6-B39F-B477201DDFB8}"
EndProject
Project("{9A19103F-16F7-4668-BE54-9A1E7A4F7556}") = "NServiceBus_Receiver", "NServiceBus\NServiceBus_Receiver\NServiceBus_Receiver.csproj", "{0CC2C251-6557-4AB2-9487-D35E7CE73499}"
EndProject
Project("{2150E333-8FDC-42A3-9474-1A3956D46DE8}") = "ReBus", "ReBus", "{EE5FC262-7EA1-47DF-9B6F-2FB52642F756}"
EndProject
Project("{9A19103F-16F7-4668-BE54-9A1E7A4F7556}") = "ReBus.Sender", "ReBus\ReBus.Sender\ReBus.Sender.csproj", "{83029EC8-4A09-44C4-872C-CE43EE62D5B5}"
EndProject
Project("{9A19103F-16F7-4668-BE54-9A1E7A4F7556}") = "ReBus.Receiver", "ReBus.Receiver\ReBus.Receiver.csproj", "{91307E7B-67A9-4064-B310-DCD15BC1E70A}"
EndProject
Project("{2150E333-8FDC-42A3-9474-1A3956D46DE8}") = "NCache", "NCache", "{FBBBFCC8-A791-4A6B-B18D-0B67EFE6E307}"
EndProject
Project("{9A19103F-16F7-4668-BE54-9A1E7A4F7556}") = "NCache.Custom", "NCache\NCache.Custom\NCache.Custom.csproj", "{55E9BAD9-ED25-4988-8B68-3D0E3A0B90BC}"
EndProject
Project("{9A19103F-16F7-4668-BE54-9A1E7A4F7556}") = "NCache1", "NCache\NCache1\NCache1.csproj", "{92E31BB5-C9D8-49DF-AC78-069CCAFAE70F}"
EndProject
Project("{9A19103F-16F7-4668-BE54-9A1E7A4F7556}") = "NCache2", "NCache\NCache2\NCache2.csproj", "{1EAFC73E-C784-4B66-BFEC-D93CC099D000}"
EndProject
Project("{2150E333-8FDC-42A3-9474-1A3956D46DE8}") = "MagicOnion", "MagicOnion", "{CFC3C78A-58F9-4986-8C89-38D1DC21A5C6}"
EndProject
Project("{FAE04EC0-301F-11D3-BF4B-00C04F79EFBC}") = "MagicOnion.Service.Definition", "MagicOnion\MagicOnion.Service.Definition\MagicOnion.Service.Definition.csproj", "{D85F41B1-93C3-40C2-A95C-308C32E86A59}"
EndProject
Project("{FAE04EC0-301F-11D3-BF4B-00C04F79EFBC}") = "MagicOnion.Service.Client", "MagicOnion\MagicOnion.Service.Client\MagicOnion.Service.Client.csproj", "{0AC81797-76FF-40E3-BA02-51FE20F6A462}"
EndProject
Project("{FAE04EC0-301F-11D3-BF4B-00C04F79EFBC}") = "MagicOnion.Service.Server", "MagicOnion\MagicOnion.Service.Server\MagicOnion.Service.Server.csproj", "{561A4D5C-05D7-4073-905D-5976D9814422}"
EndProject
Project("{FAE04EC0-301F-11D3-BF4B-00C04F79EFBC}") = "MagicOnion.Service.Implemention", "MagicOnion\MagicOnion.Service.Implemention\MagicOnion.Service.Implemention.csproj", "{682FB54F-1819-4E6D-B7EB-C37B14214EB5}"
EndProject
Global
	GlobalSection(SolutionConfigurationPlatforms) = preSolution
		Debug|Any CPU = Debug|Any CPU
		Release|Any CPU = Release|Any CPU
	EndGlobalSection
	GlobalSection(ProjectConfigurationPlatforms) = postSolution
		{9914F3B2-AB6E-45D3-B7F6-16CC84F7157E}.Debug|Any CPU.ActiveCfg = Debug|Any CPU
		{9914F3B2-AB6E-45D3-B7F6-16CC84F7157E}.Debug|Any CPU.Build.0 = Debug|Any CPU
		{9914F3B2-AB6E-45D3-B7F6-16CC84F7157E}.Release|Any CPU.ActiveCfg = Release|Any CPU
		{9914F3B2-AB6E-45D3-B7F6-16CC84F7157E}.Release|Any CPU.Build.0 = Release|Any CPU
		{FD404D3B-F2D8-46A0-9CEE-6D1C0E9A7140}.Debug|Any CPU.ActiveCfg = Debug|Any CPU
		{FD404D3B-F2D8-46A0-9CEE-6D1C0E9A7140}.Debug|Any CPU.Build.0 = Debug|Any CPU
		{FD404D3B-F2D8-46A0-9CEE-6D1C0E9A7140}.Release|Any CPU.ActiveCfg = Release|Any CPU
		{FD404D3B-F2D8-46A0-9CEE-6D1C0E9A7140}.Release|Any CPU.Build.0 = Release|Any CPU
		{47BBC0FB-9E9B-4D31-B278-FF9D52842928}.Debug|Any CPU.ActiveCfg = Debug|Any CPU
		{47BBC0FB-9E9B-4D31-B278-FF9D52842928}.Debug|Any CPU.Build.0 = Debug|Any CPU
		{47BBC0FB-9E9B-4D31-B278-FF9D52842928}.Release|Any CPU.ActiveCfg = Release|Any CPU
		{47BBC0FB-9E9B-4D31-B278-FF9D52842928}.Release|Any CPU.Build.0 = Release|Any CPU
		{D08D60F1-AD73-4A99-99E9-37C3AEDF5F21}.Debug|Any CPU.ActiveCfg = Debug|Any CPU
		{D08D60F1-AD73-4A99-99E9-37C3AEDF5F21}.Debug|Any CPU.Build.0 = Debug|Any CPU
		{D08D60F1-AD73-4A99-99E9-37C3AEDF5F21}.Release|Any CPU.ActiveCfg = Release|Any CPU
		{D08D60F1-AD73-4A99-99E9-37C3AEDF5F21}.Release|Any CPU.Build.0 = Release|Any CPU
		{55111797-B286-4DF7-84BC-53C182463D5C}.Debug|Any CPU.ActiveCfg = Debug|Any CPU
		{55111797-B286-4DF7-84BC-53C182463D5C}.Debug|Any CPU.Build.0 = Debug|Any CPU
		{55111797-B286-4DF7-84BC-53C182463D5C}.Release|Any CPU.ActiveCfg = Release|Any CPU
		{55111797-B286-4DF7-84BC-53C182463D5C}.Release|Any CPU.Build.0 = Release|Any CPU
		{9855E656-C962-453E-B9EE-E11A044E1763}.Debug|Any CPU.ActiveCfg = Debug|Any CPU
		{9855E656-C962-453E-B9EE-E11A044E1763}.Debug|Any CPU.Build.0 = Debug|Any CPU
		{9855E656-C962-453E-B9EE-E11A044E1763}.Release|Any CPU.ActiveCfg = Release|Any CPU
		{9855E656-C962-453E-B9EE-E11A044E1763}.Release|Any CPU.Build.0 = Release|Any CPU
		{350F81CE-86C0-4108-9CBF-470A680F4618}.Debug|Any CPU.ActiveCfg = Debug|Any CPU
		{350F81CE-86C0-4108-9CBF-470A680F4618}.Debug|Any CPU.Build.0 = Debug|Any CPU
		{350F81CE-86C0-4108-9CBF-470A680F4618}.Release|Any CPU.ActiveCfg = Release|Any CPU
		{350F81CE-86C0-4108-9CBF-470A680F4618}.Release|Any CPU.Build.0 = Release|Any CPU
		{1D4B2EF0-AF20-4D38-B1B6-56B0C39DA71F}.Debug|Any CPU.ActiveCfg = Debug|Any CPU
		{1D4B2EF0-AF20-4D38-B1B6-56B0C39DA71F}.Debug|Any CPU.Build.0 = Debug|Any CPU
		{1D4B2EF0-AF20-4D38-B1B6-56B0C39DA71F}.Release|Any CPU.ActiveCfg = Release|Any CPU
		{1D4B2EF0-AF20-4D38-B1B6-56B0C39DA71F}.Release|Any CPU.Build.0 = Release|Any CPU
		{93E290B8-62B6-423A-9761-69153298711A}.Debug|Any CPU.ActiveCfg = Debug|Any CPU
		{93E290B8-62B6-423A-9761-69153298711A}.Debug|Any CPU.Build.0 = Debug|Any CPU
		{93E290B8-62B6-423A-9761-69153298711A}.Release|Any CPU.ActiveCfg = Release|Any CPU
		{93E290B8-62B6-423A-9761-69153298711A}.Release|Any CPU.Build.0 = Release|Any CPU
		{74B6BFEE-8F43-4A19-8113-DA1A5D2F52E7}.Debug|Any CPU.ActiveCfg = Debug|Any CPU
		{74B6BFEE-8F43-4A19-8113-DA1A5D2F52E7}.Debug|Any CPU.Build.0 = Debug|Any CPU
		{74B6BFEE-8F43-4A19-8113-DA1A5D2F52E7}.Release|Any CPU.ActiveCfg = Release|Any CPU
		{74B6BFEE-8F43-4A19-8113-DA1A5D2F52E7}.Release|Any CPU.Build.0 = Release|Any CPU
		{2AEA90C3-5580-4B86-B429-C7605EC59D01}.Debug|Any CPU.ActiveCfg = Debug|Any CPU
		{2AEA90C3-5580-4B86-B429-C7605EC59D01}.Debug|Any CPU.Build.0 = Debug|Any CPU
		{2AEA90C3-5580-4B86-B429-C7605EC59D01}.Release|Any CPU.ActiveCfg = Release|Any CPU
		{2AEA90C3-5580-4B86-B429-C7605EC59D01}.Release|Any CPU.Build.0 = Release|Any CPU
		{E449462B-5576-4B4A-B167-E8FA2F9D6CFA}.Debug|Any CPU.ActiveCfg = Debug|Any CPU
		{E449462B-5576-4B4A-B167-E8FA2F9D6CFA}.Debug|Any CPU.Build.0 = Debug|Any CPU
		{E449462B-5576-4B4A-B167-E8FA2F9D6CFA}.Release|Any CPU.ActiveCfg = Release|Any CPU
		{E449462B-5576-4B4A-B167-E8FA2F9D6CFA}.Release|Any CPU.Build.0 = Release|Any CPU
		{E91A3911-00E0-48FC-B27E-F1161D8ABA8F}.Debug|Any CPU.ActiveCfg = Debug|Any CPU
		{E91A3911-00E0-48FC-B27E-F1161D8ABA8F}.Debug|Any CPU.Build.0 = Debug|Any CPU
		{E91A3911-00E0-48FC-B27E-F1161D8ABA8F}.Release|Any CPU.ActiveCfg = Release|Any CPU
		{E91A3911-00E0-48FC-B27E-F1161D8ABA8F}.Release|Any CPU.Build.0 = Release|Any CPU
		{0B04C4BC-2489-46A6-B39F-B477201DDFB8}.Debug|Any CPU.ActiveCfg = Debug|Any CPU
		{0B04C4BC-2489-46A6-B39F-B477201DDFB8}.Debug|Any CPU.Build.0 = Debug|Any CPU
		{0B04C4BC-2489-46A6-B39F-B477201DDFB8}.Release|Any CPU.ActiveCfg = Release|Any CPU
		{0B04C4BC-2489-46A6-B39F-B477201DDFB8}.Release|Any CPU.Build.0 = Release|Any CPU
		{0CC2C251-6557-4AB2-9487-D35E7CE73499}.Debug|Any CPU.ActiveCfg = Debug|Any CPU
		{0CC2C251-6557-4AB2-9487-D35E7CE73499}.Debug|Any CPU.Build.0 = Debug|Any CPU
		{0CC2C251-6557-4AB2-9487-D35E7CE73499}.Release|Any CPU.ActiveCfg = Release|Any CPU
		{0CC2C251-6557-4AB2-9487-D35E7CE73499}.Release|Any CPU.Build.0 = Release|Any CPU
		{83029EC8-4A09-44C4-872C-CE43EE62D5B5}.Debug|Any CPU.ActiveCfg = Debug|Any CPU
		{83029EC8-4A09-44C4-872C-CE43EE62D5B5}.Debug|Any CPU.Build.0 = Debug|Any CPU
		{83029EC8-4A09-44C4-872C-CE43EE62D5B5}.Release|Any CPU.ActiveCfg = Release|Any CPU
		{83029EC8-4A09-44C4-872C-CE43EE62D5B5}.Release|Any CPU.Build.0 = Release|Any CPU
		{91307E7B-67A9-4064-B310-DCD15BC1E70A}.Debug|Any CPU.ActiveCfg = Debug|Any CPU
		{91307E7B-67A9-4064-B310-DCD15BC1E70A}.Debug|Any CPU.Build.0 = Debug|Any CPU
		{91307E7B-67A9-4064-B310-DCD15BC1E70A}.Release|Any CPU.ActiveCfg = Release|Any CPU
		{91307E7B-67A9-4064-B310-DCD15BC1E70A}.Release|Any CPU.Build.0 = Release|Any CPU
		{55E9BAD9-ED25-4988-8B68-3D0E3A0B90BC}.Debug|Any CPU.ActiveCfg = Debug|Any CPU
		{55E9BAD9-ED25-4988-8B68-3D0E3A0B90BC}.Debug|Any CPU.Build.0 = Debug|Any CPU
		{55E9BAD9-ED25-4988-8B68-3D0E3A0B90BC}.Release|Any CPU.ActiveCfg = Release|Any CPU
		{55E9BAD9-ED25-4988-8B68-3D0E3A0B90BC}.Release|Any CPU.Build.0 = Release|Any CPU
		{92E31BB5-C9D8-49DF-AC78-069CCAFAE70F}.Debug|Any CPU.ActiveCfg = Debug|Any CPU
		{92E31BB5-C9D8-49DF-AC78-069CCAFAE70F}.Debug|Any CPU.Build.0 = Debug|Any CPU
		{92E31BB5-C9D8-49DF-AC78-069CCAFAE70F}.Release|Any CPU.ActiveCfg = Release|Any CPU
		{92E31BB5-C9D8-49DF-AC78-069CCAFAE70F}.Release|Any CPU.Build.0 = Release|Any CPU
		{1EAFC73E-C784-4B66-BFEC-D93CC099D000}.Debug|Any CPU.ActiveCfg = Debug|Any CPU
		{1EAFC73E-C784-4B66-BFEC-D93CC099D000}.Debug|Any CPU.Build.0 = Debug|Any CPU
		{1EAFC73E-C784-4B66-BFEC-D93CC099D000}.Release|Any CPU.ActiveCfg = Release|Any CPU
		{1EAFC73E-C784-4B66-BFEC-D93CC099D000}.Release|Any CPU.Build.0 = Release|Any CPU
		{D85F41B1-93C3-40C2-A95C-308C32E86A59}.Debug|Any CPU.ActiveCfg = Debug|Any CPU
		{D85F41B1-93C3-40C2-A95C-308C32E86A59}.Debug|Any CPU.Build.0 = Debug|Any CPU
		{D85F41B1-93C3-40C2-A95C-308C32E86A59}.Release|Any CPU.ActiveCfg = Release|Any CPU
		{D85F41B1-93C3-40C2-A95C-308C32E86A59}.Release|Any CPU.Build.0 = Release|Any CPU
		{0AC81797-76FF-40E3-BA02-51FE20F6A462}.Debug|Any CPU.ActiveCfg = Debug|Any CPU
		{0AC81797-76FF-40E3-BA02-51FE20F6A462}.Debug|Any CPU.Build.0 = Debug|Any CPU
		{0AC81797-76FF-40E3-BA02-51FE20F6A462}.Release|Any CPU.ActiveCfg = Release|Any CPU
		{0AC81797-76FF-40E3-BA02-51FE20F6A462}.Release|Any CPU.Build.0 = Release|Any CPU
		{561A4D5C-05D7-4073-905D-5976D9814422}.Debug|Any CPU.ActiveCfg = Debug|Any CPU
		{561A4D5C-05D7-4073-905D-5976D9814422}.Debug|Any CPU.Build.0 = Debug|Any CPU
		{561A4D5C-05D7-4073-905D-5976D9814422}.Release|Any CPU.ActiveCfg = Release|Any CPU
		{561A4D5C-05D7-4073-905D-5976D9814422}.Release|Any CPU.Build.0 = Release|Any CPU
		{682FB54F-1819-4E6D-B7EB-C37B14214EB5}.Debug|Any CPU.ActiveCfg = Debug|Any CPU
		{682FB54F-1819-4E6D-B7EB-C37B14214EB5}.Debug|Any CPU.Build.0 = Debug|Any CPU
		{682FB54F-1819-4E6D-B7EB-C37B14214EB5}.Release|Any CPU.ActiveCfg = Release|Any CPU
		{682FB54F-1819-4E6D-B7EB-C37B14214EB5}.Release|Any CPU.Build.0 = Release|Any CPU
	EndGlobalSection
	GlobalSection(SolutionProperties) = preSolution
		HideSolutionNode = FALSE
	EndGlobalSection
	GlobalSection(NestedProjects) = preSolution
		{9914F3B2-AB6E-45D3-B7F6-16CC84F7157E} = {2687B704-7059-451C-A008-BEFC62040D97}
		{FD404D3B-F2D8-46A0-9CEE-6D1C0E9A7140} = {2687B704-7059-451C-A008-BEFC62040D97}
		{47BBC0FB-9E9B-4D31-B278-FF9D52842928} = {2687B704-7059-451C-A008-BEFC62040D97}
		{D08D60F1-AD73-4A99-99E9-37C3AEDF5F21} = {2687B704-7059-451C-A008-BEFC62040D97}
		{55111797-B286-4DF7-84BC-53C182463D5C} = {2687B704-7059-451C-A008-BEFC62040D97}
		{9855E656-C962-453E-B9EE-E11A044E1763} = {B75559B2-A23B-4D6F-9332-1B546DAC72EF}
		{350F81CE-86C0-4108-9CBF-470A680F4618} = {B75559B2-A23B-4D6F-9332-1B546DAC72EF}
		{1D4B2EF0-AF20-4D38-B1B6-56B0C39DA71F} = {B75559B2-A23B-4D6F-9332-1B546DAC72EF}
		{93E290B8-62B6-423A-9761-69153298711A} = {B75559B2-A23B-4D6F-9332-1B546DAC72EF}
		{74B6BFEE-8F43-4A19-8113-DA1A5D2F52E7} = {1A6BEFE5-88F6-4E53-A389-B67B3B48D942}
		{2AEA90C3-5580-4B86-B429-C7605EC59D01} = {F9A73285-D237-4D85-8FC8-A6550301ADD1}
		{E449462B-5576-4B4A-B167-E8FA2F9D6CFA} = {F9A73285-D237-4D85-8FC8-A6550301ADD1}
		{E91A3911-00E0-48FC-B27E-F1161D8ABA8F} = {F9A73285-D237-4D85-8FC8-A6550301ADD1}
		{0B04C4BC-2489-46A6-B39F-B477201DDFB8} = {BF20111B-7A00-4DC1-AEE6-5138BB7004D4}
		{0CC2C251-6557-4AB2-9487-D35E7CE73499} = {BF20111B-7A00-4DC1-AEE6-5138BB7004D4}
		{83029EC8-4A09-44C4-872C-CE43EE62D5B5} = {EE5FC262-7EA1-47DF-9B6F-2FB52642F756}
		{91307E7B-67A9-4064-B310-DCD15BC1E70A} = {EE5FC262-7EA1-47DF-9B6F-2FB52642F756}
		{55E9BAD9-ED25-4988-8B68-3D0E3A0B90BC} = {FBBBFCC8-A791-4A6B-B18D-0B67EFE6E307}
		{92E31BB5-C9D8-49DF-AC78-069CCAFAE70F} = {FBBBFCC8-A791-4A6B-B18D-0B67EFE6E307}
		{1EAFC73E-C784-4B66-BFEC-D93CC099D000} = {FBBBFCC8-A791-4A6B-B18D-0B67EFE6E307}
		{D85F41B1-93C3-40C2-A95C-308C32E86A59} = {CFC3C78A-58F9-4986-8C89-38D1DC21A5C6}
		{0AC81797-76FF-40E3-BA02-51FE20F6A462} = {CFC3C78A-58F9-4986-8C89-38D1DC21A5C6}
		{561A4D5C-05D7-4073-905D-5976D9814422} = {CFC3C78A-58F9-4986-8C89-38D1DC21A5C6}
		{682FB54F-1819-4E6D-B7EB-C37B14214EB5} = {CFC3C78A-58F9-4986-8C89-38D1DC21A5C6}
	EndGlobalSection
	GlobalSection(ExtensibilityGlobals) = postSolution
		SolutionGuid = {62F26DFC-4A74-4344-B621-E75823B602CF}
	EndGlobalSection
EndGlobal
